
Microsoft Visual Studio Solution File, Format Version 12.00
# Visual Studio Version 16
VisualStudioVersion = 16.0.809.0
MinimumVisualStudioVersion = 10.0.40219.1
Project("{FAE04EC0-301F-11D3-BF4B-00C04F79EFBC}") = "GitTutorial1", "GitTutorial1\GitTutorial1.csproj", "{03558029-814A-46F9-8B41-561BBE89EC40}"
EndProject
Global
	GlobalSection(SolutionConfigurationPlatforms) = preSolution
		Debug|Any CPU = Debug|Any CPU
		Release|Any CPU = Release|Any CPU
	EndGlobalSection
	GlobalSection(ProjectConfigurationPlatforms) = postSolution
		{03558029-814A-46F9-8B41-561BBE89EC40}.Debug|Any CPU.ActiveCfg = Debug|Any CPU
		{03558029-814A-46F9-8B41-561BBE89EC40}.Debug|Any CPU.Build.0 = Debug|Any CPU
		{03558029-814A-46F9-8B41-561BBE89EC40}.Release|Any CPU.ActiveCfg = Release|Any CPU
		{03558029-814A-46F9-8B41-561BBE89EC40}.Release|Any CPU.Build.0 = Release|Any CPU
	EndGlobalSection
	GlobalSection(SolutionProperties) = preSolution
		HideSolutionNode = FALSE
	EndGlobalSection
	GlobalSection(ExtensibilityGlobals) = postSolution
		SolutionGuid = {04D88E01-B1AD-4B7B-A72C-550BA45E24F4}
	EndGlobalSection
EndGlobal
